
Microsoft Visual Studio Solution File, Format Version 12.00
# Visual Studio 15
VisualStudioVersion = 15.0.28307.271
MinimumVisualStudioVersion = 10.0.40219.1
Project("{FAE04EC0-301F-11D3-BF4B-00C04F79EFBC}") = "EPAM_OOP_2", "EPAM_OOP_2\EPAM_OOP_2.csproj", "{6C840673-95A8-46EF-8A91-9BD844EF3A50}"
EndProject
Global
	GlobalSection(SolutionConfigurationPlatforms) = preSolution
		Debug|Any CPU = Debug|Any CPU
		Release|Any CPU = Release|Any CPU
	EndGlobalSection
	GlobalSection(ProjectConfigurationPlatforms) = postSolution
		{6C840673-95A8-46EF-8A91-9BD844EF3A50}.Debug|Any CPU.ActiveCfg = Debug|Any CPU
		{6C840673-95A8-46EF-8A91-9BD844EF3A50}.Debug|Any CPU.Build.0 = Debug|Any CPU
		{6C840673-95A8-46EF-8A91-9BD844EF3A50}.Release|Any CPU.ActiveCfg = Release|Any CPU
		{6C840673-95A8-46EF-8A91-9BD844EF3A50}.Release|Any CPU.Build.0 = Release|Any CPU
	EndGlobalSection
	GlobalSection(SolutionProperties) = preSolution
		HideSolutionNode = FALSE
	EndGlobalSection
	GlobalSection(ExtensibilityGlobals) = postSolution
		SolutionGuid = {AF593EC4-3B63-4EB2-A7FF-88283B34D87F}
	EndGlobalSection
EndGlobal
