
Microsoft Visual Studio Solution File, Format Version 12.00
# Visual Studio 15
VisualStudioVersion = 15.0.28307.271
MinimumVisualStudioVersion = 10.0.40219.1
Project("{FAE04EC0-301F-11D3-BF4B-00C04F79EFBC}") = "EPAM_OOP_3", "EPAM_OOP_3\EPAM_OOP_3.csproj", "{9741B72F-6FE8-4C57-8447-85A40B95415D}"
EndProject
Global
	GlobalSection(SolutionConfigurationPlatforms) = preSolution
		Debug|Any CPU = Debug|Any CPU
		Release|Any CPU = Release|Any CPU
	EndGlobalSection
	GlobalSection(ProjectConfigurationPlatforms) = postSolution
		{9741B72F-6FE8-4C57-8447-85A40B95415D}.Debug|Any CPU.ActiveCfg = Debug|Any CPU
		{9741B72F-6FE8-4C57-8447-85A40B95415D}.Debug|Any CPU.Build.0 = Debug|Any CPU
		{9741B72F-6FE8-4C57-8447-85A40B95415D}.Release|Any CPU.ActiveCfg = Release|Any CPU
		{9741B72F-6FE8-4C57-8447-85A40B95415D}.Release|Any CPU.Build.0 = Release|Any CPU
	EndGlobalSection
	GlobalSection(SolutionProperties) = preSolution
		HideSolutionNode = FALSE
	EndGlobalSection
	GlobalSection(ExtensibilityGlobals) = postSolution
		SolutionGuid = {7FF536FD-C505-4610-94EA-FB6C9B78FD22}
	EndGlobalSection
EndGlobal
